
Microsoft Visual Studio Solution File, Format Version 12.00
# Visual Studio 15
Project("{FAE04EC0-301F-11D3-BF4B-00C04F79EFBC}") = "Assembly-CSharp", "Assembly-CSharp.csproj", "{C25869FE-A3A6-4C90-0014-A4059A966E1C}"
EndProject
Project("{FAE04EC0-301F-11D3-BF4B-00C04F79EFBC}") = "Assembly-CSharp-Editor", "Assembly-CSharp-Editor.csproj", "{86FE5DCD-39A8-8292-B7C1-3840D2A21202}"
EndProject
Global
	GlobalSection(SolutionConfigurationPlatforms) = preSolution
		Debug|Any CPU = Debug|Any CPU
		Release|Any CPU = Release|Any CPU
	EndGlobalSection
	GlobalSection(ProjectConfigurationPlatforms) = postSolution
		{C25869FE-A3A6-4C90-0014-A4059A966E1C}.Debug|Any CPU.ActiveCfg = Debug|Any CPU
		{C25869FE-A3A6-4C90-0014-A4059A966E1C}.Debug|Any CPU.Build.0 = Debug|Any CPU
		{C25869FE-A3A6-4C90-0014-A4059A966E1C}.Release|Any CPU.ActiveCfg = Release|Any CPU
		{C25869FE-A3A6-4C90-0014-A4059A966E1C}.Release|Any CPU.Build.0 = Release|Any CPU
		{86FE5DCD-39A8-8292-B7C1-3840D2A21202}.Debug|Any CPU.ActiveCfg = Debug|Any CPU
		{86FE5DCD-39A8-8292-B7C1-3840D2A21202}.Debug|Any CPU.Build.0 = Debug|Any CPU
		{86FE5DCD-39A8-8292-B7C1-3840D2A21202}.Release|Any CPU.ActiveCfg = Release|Any CPU
		{86FE5DCD-39A8-8292-B7C1-3840D2A21202}.Release|Any CPU.Build.0 = Release|Any CPU
	EndGlobalSection
	GlobalSection(SolutionProperties) = preSolution
		HideSolutionNode = FALSE
	EndGlobalSection
EndGlobal
